{
  "originHash" : "a4ce7533bc3f65bb973f64c6c5d77cd315538527243194098e384a1446272f4b",
  "pins" : [
    {
      "identity" : "swift-syntax",
      "kind" : "remoteSourceControl",
      "location" : "https://github.com/swiftlang/swift-syntax.git",
      "state" : {
        "revision" : "0687f71944021d616d34d922343dcef086855920",
        "version" : "600.0.1"
      }
    },
    {
      "identity" : "swift-testing",
      "kind" : "remoteSourceControl",
      "location" : "https://github.com/swiftlang/swift-testing",
      "state" : {
        "revision" : "c55848b2aa4b29a4df542b235dfdd792a6fbe341",
        "version" : "0.12.0"
      }
    }
  ],
  "version" : 3
}
